
Microsoft Visual Studio Solution File, Format Version 12.00
# Visual Studio 15
VisualStudioVersion = 15.0.26430.16
MinimumVisualStudioVersion = 10.0.40219.1
Project("{2150E333-8FDC-42A3-9474-1A3956D46DE8}") = "0 - Modelagem de Entidades", "0 - Modelagem de Entidades", "{34F6DEAC-840E-4FD3-9009-64F4F429D219}"
EndProject
Project("{2150E333-8FDC-42A3-9474-1A3956D46DE8}") = "1 - Sistema", "1 - Sistema", "{F12C661F-F8DC-4FF7-A0A5-C27B4F2DD18A}"
EndProject
Project("{2150E333-8FDC-42A3-9474-1A3956D46DE8}") = "1.1 - Camada de Apresentação", "1.1 - Camada de Apresentação", "{B2AF64FF-B908-4B58-838B-7D6A07FA4687}"
EndProject
Project("{2150E333-8FDC-42A3-9474-1A3956D46DE8}") = "1.2 - Camada de Regras de Negócio", "1.2 - Camada de Regras de Negócio", "{D7FE9B74-525F-4D1C-8649-1A9F6DF99372}"
EndProject
Project("{2150E333-8FDC-42A3-9474-1A3956D46DE8}") = "1.3 - Camada de Acesso a Dados", "1.3 - Camada de Acesso a Dados", "{23F8F389-690F-4F10-89A5-2A78C58B8BDC}"
EndProject
Project("{FAE04EC0-301F-11D3-BF4B-00C04F79EFBC}") = "Projeto.WEB", "Projeto.WEB\Projeto.WEB.csproj", "{6AAD3E1F-9A05-4D47-B221-1DE5E2C15359}"
EndProject
Project("{FAE04EC0-301F-11D3-BF4B-00C04F79EFBC}") = "Projeto.DAL", "Projeto.DAL\Projeto.DAL.csproj", "{32771C38-4650-4AFB-83EA-8D9C4D9368AB}"
EndProject
Project("{FAE04EC0-301F-11D3-BF4B-00C04F79EFBC}") = "Projeto.Entidades", "Projeto.Entidades\Projeto.Entidades.csproj", "{A10AB183-1134-47F9-9429-8B5BEFDF53CC}"
EndProject
Global
	GlobalSection(SolutionConfigurationPlatforms) = preSolution
		Debug|Any CPU = Debug|Any CPU
		Debug|ARM = Debug|ARM
		Debug|x64 = Debug|x64
		Debug|x86 = Debug|x86
		Release|Any CPU = Release|Any CPU
		Release|ARM = Release|ARM
		Release|x64 = Release|x64
		Release|x86 = Release|x86
	EndGlobalSection
	GlobalSection(ProjectConfigurationPlatforms) = postSolution
		{6AAD3E1F-9A05-4D47-B221-1DE5E2C15359}.Debug|Any CPU.ActiveCfg = Debug|Any CPU
		{6AAD3E1F-9A05-4D47-B221-1DE5E2C15359}.Debug|Any CPU.Build.0 = Debug|Any CPU
		{6AAD3E1F-9A05-4D47-B221-1DE5E2C15359}.Debug|ARM.ActiveCfg = Debug|Any CPU
		{6AAD3E1F-9A05-4D47-B221-1DE5E2C15359}.Debug|ARM.Build.0 = Debug|Any CPU
		{6AAD3E1F-9A05-4D47-B221-1DE5E2C15359}.Debug|x64.ActiveCfg = Debug|Any CPU
		{6AAD3E1F-9A05-4D47-B221-1DE5E2C15359}.Debug|x64.Build.0 = Debug|Any CPU
		{6AAD3E1F-9A05-4D47-B221-1DE5E2C15359}.Debug|x86.ActiveCfg = Debug|Any CPU
		{6AAD3E1F-9A05-4D47-B221-1DE5E2C15359}.Debug|x86.Build.0 = Debug|Any CPU
		{6AAD3E1F-9A05-4D47-B221-1DE5E2C15359}.Release|Any CPU.ActiveCfg = Release|Any CPU
		{6AAD3E1F-9A05-4D47-B221-1DE5E2C15359}.Release|Any CPU.Build.0 = Release|Any CPU
		{6AAD3E1F-9A05-4D47-B221-1DE5E2C15359}.Release|ARM.ActiveCfg = Release|Any CPU
		{6AAD3E1F-9A05-4D47-B221-1DE5E2C15359}.Release|ARM.Build.0 = Release|Any CPU
		{6AAD3E1F-9A05-4D47-B221-1DE5E2C15359}.Release|x64.ActiveCfg = Release|Any CPU
		{6AAD3E1F-9A05-4D47-B221-1DE5E2C15359}.Release|x64.Build.0 = Release|Any CPU
		{6AAD3E1F-9A05-4D47-B221-1DE5E2C15359}.Release|x86.ActiveCfg = Release|Any CPU
		{6AAD3E1F-9A05-4D47-B221-1DE5E2C15359}.Release|x86.Build.0 = Release|Any CPU
		{32771C38-4650-4AFB-83EA-8D9C4D9368AB}.Debug|Any CPU.ActiveCfg = Debug|Any CPU
		{32771C38-4650-4AFB-83EA-8D9C4D9368AB}.Debug|Any CPU.Build.0 = Debug|Any CPU
		{32771C38-4650-4AFB-83EA-8D9C4D9368AB}.Debug|ARM.ActiveCfg = Debug|Any CPU
		{32771C38-4650-4AFB-83EA-8D9C4D9368AB}.Debug|ARM.Build.0 = Debug|Any CPU
		{32771C38-4650-4AFB-83EA-8D9C4D9368AB}.Debug|x64.ActiveCfg = Debug|Any CPU
		{32771C38-4650-4AFB-83EA-8D9C4D9368AB}.Debug|x64.Build.0 = Debug|Any CPU
		{32771C38-4650-4AFB-83EA-8D9C4D9368AB}.Debug|x86.ActiveCfg = Debug|Any CPU
		{32771C38-4650-4AFB-83EA-8D9C4D9368AB}.Debug|x86.Build.0 = Debug|Any CPU
		{32771C38-4650-4AFB-83EA-8D9C4D9368AB}.Release|Any CPU.ActiveCfg = Release|Any CPU
		{32771C38-4650-4AFB-83EA-8D9C4D9368AB}.Release|Any CPU.Build.0 = Release|Any CPU
		{32771C38-4650-4AFB-83EA-8D9C4D9368AB}.Release|ARM.ActiveCfg = Release|Any CPU
		{32771C38-4650-4AFB-83EA-8D9C4D9368AB}.Release|ARM.Build.0 = Release|Any CPU
		{32771C38-4650-4AFB-83EA-8D9C4D9368AB}.Release|x64.ActiveCfg = Release|Any CPU
		{32771C38-4650-4AFB-83EA-8D9C4D9368AB}.Release|x64.Build.0 = Release|Any CPU
		{32771C38-4650-4AFB-83EA-8D9C4D9368AB}.Release|x86.ActiveCfg = Release|Any CPU
		{32771C38-4650-4AFB-83EA-8D9C4D9368AB}.Release|x86.Build.0 = Release|Any CPU
		{A10AB183-1134-47F9-9429-8B5BEFDF53CC}.Debug|Any CPU.ActiveCfg = Debug|Any CPU
		{A10AB183-1134-47F9-9429-8B5BEFDF53CC}.Debug|Any CPU.Build.0 = Debug|Any CPU
		{A10AB183-1134-47F9-9429-8B5BEFDF53CC}.Debug|ARM.ActiveCfg = Debug|Any CPU
		{A10AB183-1134-47F9-9429-8B5BEFDF53CC}.Debug|ARM.Build.0 = Debug|Any CPU
		{A10AB183-1134-47F9-9429-8B5BEFDF53CC}.Debug|x64.ActiveCfg = Debug|Any CPU
		{A10AB183-1134-47F9-9429-8B5BEFDF53CC}.Debug|x64.Build.0 = Debug|Any CPU
		{A10AB183-1134-47F9-9429-8B5BEFDF53CC}.Debug|x86.ActiveCfg = Debug|Any CPU
		{A10AB183-1134-47F9-9429-8B5BEFDF53CC}.Debug|x86.Build.0 = Debug|Any CPU
		{A10AB183-1134-47F9-9429-8B5BEFDF53CC}.Release|Any CPU.ActiveCfg = Release|Any CPU
		{A10AB183-1134-47F9-9429-8B5BEFDF53CC}.Release|Any CPU.Build.0 = Release|Any CPU
		{A10AB183-1134-47F9-9429-8B5BEFDF53CC}.Release|ARM.ActiveCfg = Release|Any CPU
		{A10AB183-1134-47F9-9429-8B5BEFDF53CC}.Release|ARM.Build.0 = Release|Any CPU
		{A10AB183-1134-47F9-9429-8B5BEFDF53CC}.Release|x64.ActiveCfg = Release|Any CPU
		{A10AB183-1134-47F9-9429-8B5BEFDF53CC}.Release|x64.Build.0 = Release|Any CPU
		{A10AB183-1134-47F9-9429-8B5BEFDF53CC}.Release|x86.ActiveCfg = Release|Any CPU
		{A10AB183-1134-47F9-9429-8B5BEFDF53CC}.Release|x86.Build.0 = Release|Any CPU
	EndGlobalSection
	GlobalSection(SolutionProperties) = preSolution
		HideSolutionNode = FALSE
	EndGlobalSection
	GlobalSection(NestedProjects) = preSolution
		{B2AF64FF-B908-4B58-838B-7D6A07FA4687} = {F12C661F-F8DC-4FF7-A0A5-C27B4F2DD18A}
		{D7FE9B74-525F-4D1C-8649-1A9F6DF99372} = {F12C661F-F8DC-4FF7-A0A5-C27B4F2DD18A}
		{23F8F389-690F-4F10-89A5-2A78C58B8BDC} = {F12C661F-F8DC-4FF7-A0A5-C27B4F2DD18A}
		{6AAD3E1F-9A05-4D47-B221-1DE5E2C15359} = {B2AF64FF-B908-4B58-838B-7D6A07FA4687}
		{32771C38-4650-4AFB-83EA-8D9C4D9368AB} = {23F8F389-690F-4F10-89A5-2A78C58B8BDC}
		{A10AB183-1134-47F9-9429-8B5BEFDF53CC} = {34F6DEAC-840E-4FD3-9009-64F4F429D219}
	EndGlobalSection
EndGlobal
